# This file was autogenerated by Stack.
# You should not edit this file by hand.
# For more information, please see the documentation at:
#   https://docs.haskellstack.org/en/stable/lock_files

packages:
- completed:
    hackage: clash-ghc-1.2.5@sha256:99905a8baa29ce70d71a00de1fe1329057b356dcc022a8ef557ea39e67fb941e,8294
    pantry-tree:
      size: 3098
      sha256: 7aca934c14a8f933b4a7799a40f19d74ef0add1ffb6bcadd26d52eb81f370a7d
  original:
    hackage: clash-ghc-1.2.5@sha256:99905a8baa29ce70d71a00de1fe1329057b356dcc022a8ef557ea39e67fb941e,8294
- completed:
    hackage: clash-lib-1.2.5@sha256:b9eec301fd23b4cbedb6600fec431ffb2c0cf25e28d131f28a5b3955bc4676d7,11298
    pantry-tree:
      size: 16592
      sha256: b164c2f45d23002ebaccabf2d78bbb0b6db94f924638da466d9fbe9856b262ef
  original:
    hackage: clash-lib-1.2.5@sha256:b9eec301fd23b4cbedb6600fec431ffb2c0cf25e28d131f28a5b3955bc4676d7,11298
- completed:
    hackage: clash-prelude-1.2.5@sha256:2ea4d0506adfccd0e817a67e47de132290a856535dd69bcc71e7fbce24ece3f2,15307
    pantry-tree:
      size: 10478
      sha256: c35d38f9cef82eb2963091afa929a6d84a882d29e29c22c518e572d397f504e5
  original:
    hackage: clash-prelude-1.2.5@sha256:2ea4d0506adfccd0e817a67e47de132290a856535dd69bcc71e7fbce24ece3f2,15307
snapshots:
- completed:
    size: 531674
    url: https://raw.githubusercontent.com/commercialhaskell/stackage-snapshots/master/lts/16/2.yaml
    sha256: 4b08fb9338ca297de7ade8318f4be1216f14dff8c0426c001fb7886ee88cb84a
  original: lts-16.2
